
Microsoft Visual Studio Solution File, Format Version 12.00
# Visual Studio Version 16
VisualStudioVersion = 16.0.34729.46
MinimumVisualStudioVersion = 10.0.40219.1
Project("{FAE04EC0-301F-11D3-BF4B-00C04F79EFBC}") = "CountingApp.Android", "CountingApp.Android\CountingApp.Android.csproj", "{7210934E-B1E0-4329-84CD-7B566883ADBE}"
EndProject
Project("{FAE04EC0-301F-11D3-BF4B-00C04F79EFBC}") = "CountingApp.iOS", "CountingApp.iOS\CountingApp.iOS.csproj", "{24836243-AB02-4771-A51D-E318731F7AF5}"
EndProject
Project("{FAE04EC0-301F-11D3-BF4B-00C04F79EFBC}") = "CountingApp", "CountingApp\CountingApp.csproj", "{24424D6C-B248-412E-B974-A03EB176572E}"
EndProject
Global
	GlobalSection(SolutionConfigurationPlatforms) = preSolution
		Debug|Any CPU = Debug|Any CPU
		Debug|iPhone = Debug|iPhone
		Debug|iPhoneSimulator = Debug|iPhoneSimulator
		Release|Any CPU = Release|Any CPU
		Release|iPhone = Release|iPhone
		Release|iPhoneSimulator = Release|iPhoneSimulator
	EndGlobalSection
	GlobalSection(ProjectConfigurationPlatforms) = postSolution
		{7210934E-B1E0-4329-84CD-7B566883ADBE}.Debug|Any CPU.ActiveCfg = Debug|Any CPU
		{7210934E-B1E0-4329-84CD-7B566883ADBE}.Debug|Any CPU.Build.0 = Debug|Any CPU
		{7210934E-B1E0-4329-84CD-7B566883ADBE}.Debug|Any CPU.Deploy.0 = Debug|Any CPU
		{7210934E-B1E0-4329-84CD-7B566883ADBE}.Debug|iPhone.ActiveCfg = Debug|Any CPU
		{7210934E-B1E0-4329-84CD-7B566883ADBE}.Debug|iPhone.Build.0 = Debug|Any CPU
		{7210934E-B1E0-4329-84CD-7B566883ADBE}.Debug|iPhone.Deploy.0 = Debug|Any CPU
		{7210934E-B1E0-4329-84CD-7B566883ADBE}.Debug|iPhoneSimulator.ActiveCfg = Debug|Any CPU
		{7210934E-B1E0-4329-84CD-7B566883ADBE}.Debug|iPhoneSimulator.Build.0 = Debug|Any CPU
		{7210934E-B1E0-4329-84CD-7B566883ADBE}.Debug|iPhoneSimulator.Deploy.0 = Debug|Any CPU
		{7210934E-B1E0-4329-84CD-7B566883ADBE}.Release|Any CPU.ActiveCfg = Release|Any CPU
		{7210934E-B1E0-4329-84CD-7B566883ADBE}.Release|Any CPU.Build.0 = Release|Any CPU
		{7210934E-B1E0-4329-84CD-7B566883ADBE}.Release|Any CPU.Deploy.0 = Release|Any CPU
		{7210934E-B1E0-4329-84CD-7B566883ADBE}.Release|iPhone.ActiveCfg = Release|Any CPU
		{7210934E-B1E0-4329-84CD-7B566883ADBE}.Release|iPhone.Build.0 = Release|Any CPU
		{7210934E-B1E0-4329-84CD-7B566883ADBE}.Release|iPhone.Deploy.0 = Release|Any CPU
		{7210934E-B1E0-4329-84CD-7B566883ADBE}.Release|iPhoneSimulator.ActiveCfg = Release|Any CPU
		{7210934E-B1E0-4329-84CD-7B566883ADBE}.Release|iPhoneSimulator.Build.0 = Release|Any CPU
		{7210934E-B1E0-4329-84CD-7B566883ADBE}.Release|iPhoneSimulator.Deploy.0 = Release|Any CPU
		{24836243-AB02-4771-A51D-E318731F7AF5}.Debug|Any CPU.ActiveCfg = Debug|iPhone
		{24836243-AB02-4771-A51D-E318731F7AF5}.Debug|Any CPU.Build.0 = Debug|iPhone
		{24836243-AB02-4771-A51D-E318731F7AF5}.Debug|Any CPU.Deploy.0 = Debug|iPhone
		{24836243-AB02-4771-A51D-E318731F7AF5}.Debug|iPhone.ActiveCfg = Debug|iPhone
		{24836243-AB02-4771-A51D-E318731F7AF5}.Debug|iPhone.Build.0 = Debug|iPhone
		{24836243-AB02-4771-A51D-E318731F7AF5}.Debug|iPhone.Deploy.0 = Debug|iPhone
		{24836243-AB02-4771-A51D-E318731F7AF5}.Debug|iPhoneSimulator.ActiveCfg = Debug|iPhoneSimulator
		{24836243-AB02-4771-A51D-E318731F7AF5}.Debug|iPhoneSimulator.Build.0 = Debug|iPhoneSimulator
		{24836243-AB02-4771-A51D-E318731F7AF5}.Debug|iPhoneSimulator.Deploy.0 = Debug|iPhoneSimulator
		{24836243-AB02-4771-A51D-E318731F7AF5}.Release|Any CPU.ActiveCfg = Release|iPhoneSimulator
		{24836243-AB02-4771-A51D-E318731F7AF5}.Release|Any CPU.Build.0 = Release|iPhoneSimulator
		{24836243-AB02-4771-A51D-E318731F7AF5}.Release|Any CPU.Deploy.0 = Release|iPhoneSimulator
		{24836243-AB02-4771-A51D-E318731F7AF5}.Release|iPhone.ActiveCfg = Release|iPhone
		{24836243-AB02-4771-A51D-E318731F7AF5}.Release|iPhone.Build.0 = Release|iPhone
		{24836243-AB02-4771-A51D-E318731F7AF5}.Release|iPhone.Deploy.0 = Release|iPhone
		{24836243-AB02-4771-A51D-E318731F7AF5}.Release|iPhoneSimulator.ActiveCfg = Release|iPhoneSimulator
		{24836243-AB02-4771-A51D-E318731F7AF5}.Release|iPhoneSimulator.Build.0 = Release|iPhoneSimulator
		{24836243-AB02-4771-A51D-E318731F7AF5}.Release|iPhoneSimulator.Deploy.0 = Release|iPhoneSimulator
		{24424D6C-B248-412E-B974-A03EB176572E}.Debug|Any CPU.ActiveCfg = Debug|Any CPU
		{24424D6C-B248-412E-B974-A03EB176572E}.Debug|Any CPU.Build.0 = Debug|Any CPU
		{24424D6C-B248-412E-B974-A03EB176572E}.Debug|Any CPU.Deploy.0 = Debug|Any CPU
		{24424D6C-B248-412E-B974-A03EB176572E}.Debug|iPhone.ActiveCfg = Debug|Any CPU
		{24424D6C-B248-412E-B974-A03EB176572E}.Debug|iPhone.Build.0 = Debug|Any CPU
		{24424D6C-B248-412E-B974-A03EB176572E}.Debug|iPhone.Deploy.0 = Debug|Any CPU
		{24424D6C-B248-412E-B974-A03EB176572E}.Debug|iPhoneSimulator.ActiveCfg = Debug|Any CPU
		{24424D6C-B248-412E-B974-A03EB176572E}.Debug|iPhoneSimulator.Build.0 = Debug|Any CPU
		{24424D6C-B248-412E-B974-A03EB176572E}.Debug|iPhoneSimulator.Deploy.0 = Debug|Any CPU
		{24424D6C-B248-412E-B974-A03EB176572E}.Release|Any CPU.ActiveCfg = Release|Any CPU
		{24424D6C-B248-412E-B974-A03EB176572E}.Release|Any CPU.Build.0 = Release|Any CPU
		{24424D6C-B248-412E-B974-A03EB176572E}.Release|Any CPU.Deploy.0 = Release|Any CPU
		{24424D6C-B248-412E-B974-A03EB176572E}.Release|iPhone.ActiveCfg = Release|Any CPU
		{24424D6C-B248-412E-B974-A03EB176572E}.Release|iPhone.Build.0 = Release|Any CPU
		{24424D6C-B248-412E-B974-A03EB176572E}.Release|iPhone.Deploy.0 = Release|Any CPU
		{24424D6C-B248-412E-B974-A03EB176572E}.Release|iPhoneSimulator.ActiveCfg = Release|Any CPU
		{24424D6C-B248-412E-B974-A03EB176572E}.Release|iPhoneSimulator.Build.0 = Release|Any CPU
		{24424D6C-B248-412E-B974-A03EB176572E}.Release|iPhoneSimulator.Deploy.0 = Release|Any CPU
	EndGlobalSection
	GlobalSection(SolutionProperties) = preSolution
		HideSolutionNode = FALSE
	EndGlobalSection
	GlobalSection(ExtensibilityGlobals) = postSolution
		SolutionGuid = {E7263B09-F553-4EA1-8D51-D3579B5B832E}
	EndGlobalSection
EndGlobal
