
Microsoft Visual Studio Solution File, Format Version 12.00
# Visual Studio Version 16
VisualStudioVersion = 16.0.34729.46
MinimumVisualStudioVersion = 10.0.40219.1
Project("{FAE04EC0-301F-11D3-BF4B-00C04F79EFBC}") = "FlexApp.Android", "FlexApp.Android\FlexApp.Android.csproj", "{A9B34A8E-6452-4578-858D-6D75D5925AD1}"
EndProject
Project("{FAE04EC0-301F-11D3-BF4B-00C04F79EFBC}") = "FlexApp.iOS", "FlexApp.iOS\FlexApp.iOS.csproj", "{B84EA970-42D8-44CB-9131-114DA40B9A3B}"
EndProject
Project("{FAE04EC0-301F-11D3-BF4B-00C04F79EFBC}") = "FlexApp", "FlexApp\FlexApp.csproj", "{ED9D11C6-8683-4E98-BE72-0A3563DE77AF}"
EndProject
Global
	GlobalSection(SolutionConfigurationPlatforms) = preSolution
		Debug|Any CPU = Debug|Any CPU
		Debug|iPhone = Debug|iPhone
		Debug|iPhoneSimulator = Debug|iPhoneSimulator
		Release|Any CPU = Release|Any CPU
		Release|iPhone = Release|iPhone
		Release|iPhoneSimulator = Release|iPhoneSimulator
	EndGlobalSection
	GlobalSection(ProjectConfigurationPlatforms) = postSolution
		{A9B34A8E-6452-4578-858D-6D75D5925AD1}.Debug|Any CPU.ActiveCfg = Debug|Any CPU
		{A9B34A8E-6452-4578-858D-6D75D5925AD1}.Debug|Any CPU.Build.0 = Debug|Any CPU
		{A9B34A8E-6452-4578-858D-6D75D5925AD1}.Debug|Any CPU.Deploy.0 = Debug|Any CPU
		{A9B34A8E-6452-4578-858D-6D75D5925AD1}.Debug|iPhone.ActiveCfg = Debug|Any CPU
		{A9B34A8E-6452-4578-858D-6D75D5925AD1}.Debug|iPhone.Build.0 = Debug|Any CPU
		{A9B34A8E-6452-4578-858D-6D75D5925AD1}.Debug|iPhone.Deploy.0 = Debug|Any CPU
		{A9B34A8E-6452-4578-858D-6D75D5925AD1}.Debug|iPhoneSimulator.ActiveCfg = Debug|Any CPU
		{A9B34A8E-6452-4578-858D-6D75D5925AD1}.Debug|iPhoneSimulator.Build.0 = Debug|Any CPU
		{A9B34A8E-6452-4578-858D-6D75D5925AD1}.Debug|iPhoneSimulator.Deploy.0 = Debug|Any CPU
		{A9B34A8E-6452-4578-858D-6D75D5925AD1}.Release|Any CPU.ActiveCfg = Release|Any CPU
		{A9B34A8E-6452-4578-858D-6D75D5925AD1}.Release|Any CPU.Build.0 = Release|Any CPU
		{A9B34A8E-6452-4578-858D-6D75D5925AD1}.Release|Any CPU.Deploy.0 = Release|Any CPU
		{A9B34A8E-6452-4578-858D-6D75D5925AD1}.Release|iPhone.ActiveCfg = Release|Any CPU
		{A9B34A8E-6452-4578-858D-6D75D5925AD1}.Release|iPhone.Build.0 = Release|Any CPU
		{A9B34A8E-6452-4578-858D-6D75D5925AD1}.Release|iPhone.Deploy.0 = Release|Any CPU
		{A9B34A8E-6452-4578-858D-6D75D5925AD1}.Release|iPhoneSimulator.ActiveCfg = Release|Any CPU
		{A9B34A8E-6452-4578-858D-6D75D5925AD1}.Release|iPhoneSimulator.Build.0 = Release|Any CPU
		{A9B34A8E-6452-4578-858D-6D75D5925AD1}.Release|iPhoneSimulator.Deploy.0 = Release|Any CPU
		{B84EA970-42D8-44CB-9131-114DA40B9A3B}.Debug|Any CPU.ActiveCfg = Debug|iPhone
		{B84EA970-42D8-44CB-9131-114DA40B9A3B}.Debug|Any CPU.Build.0 = Debug|iPhone
		{B84EA970-42D8-44CB-9131-114DA40B9A3B}.Debug|Any CPU.Deploy.0 = Debug|iPhone
		{B84EA970-42D8-44CB-9131-114DA40B9A3B}.Debug|iPhone.ActiveCfg = Debug|iPhone
		{B84EA970-42D8-44CB-9131-114DA40B9A3B}.Debug|iPhone.Build.0 = Debug|iPhone
		{B84EA970-42D8-44CB-9131-114DA40B9A3B}.Debug|iPhone.Deploy.0 = Debug|iPhone
		{B84EA970-42D8-44CB-9131-114DA40B9A3B}.Debug|iPhoneSimulator.ActiveCfg = Debug|iPhoneSimulator
		{B84EA970-42D8-44CB-9131-114DA40B9A3B}.Debug|iPhoneSimulator.Build.0 = Debug|iPhoneSimulator
		{B84EA970-42D8-44CB-9131-114DA40B9A3B}.Debug|iPhoneSimulator.Deploy.0 = Debug|iPhoneSimulator
		{B84EA970-42D8-44CB-9131-114DA40B9A3B}.Release|Any CPU.ActiveCfg = Release|iPhoneSimulator
		{B84EA970-42D8-44CB-9131-114DA40B9A3B}.Release|Any CPU.Build.0 = Release|iPhoneSimulator
		{B84EA970-42D8-44CB-9131-114DA40B9A3B}.Release|Any CPU.Deploy.0 = Release|iPhoneSimulator
		{B84EA970-42D8-44CB-9131-114DA40B9A3B}.Release|iPhone.ActiveCfg = Release|iPhone
		{B84EA970-42D8-44CB-9131-114DA40B9A3B}.Release|iPhone.Build.0 = Release|iPhone
		{B84EA970-42D8-44CB-9131-114DA40B9A3B}.Release|iPhone.Deploy.0 = Release|iPhone
		{B84EA970-42D8-44CB-9131-114DA40B9A3B}.Release|iPhoneSimulator.ActiveCfg = Release|iPhoneSimulator
		{B84EA970-42D8-44CB-9131-114DA40B9A3B}.Release|iPhoneSimulator.Build.0 = Release|iPhoneSimulator
		{B84EA970-42D8-44CB-9131-114DA40B9A3B}.Release|iPhoneSimulator.Deploy.0 = Release|iPhoneSimulator
		{ED9D11C6-8683-4E98-BE72-0A3563DE77AF}.Debug|Any CPU.ActiveCfg = Debug|Any CPU
		{ED9D11C6-8683-4E98-BE72-0A3563DE77AF}.Debug|Any CPU.Build.0 = Debug|Any CPU
		{ED9D11C6-8683-4E98-BE72-0A3563DE77AF}.Debug|Any CPU.Deploy.0 = Debug|Any CPU
		{ED9D11C6-8683-4E98-BE72-0A3563DE77AF}.Debug|iPhone.ActiveCfg = Debug|Any CPU
		{ED9D11C6-8683-4E98-BE72-0A3563DE77AF}.Debug|iPhone.Build.0 = Debug|Any CPU
		{ED9D11C6-8683-4E98-BE72-0A3563DE77AF}.Debug|iPhone.Deploy.0 = Debug|Any CPU
		{ED9D11C6-8683-4E98-BE72-0A3563DE77AF}.Debug|iPhoneSimulator.ActiveCfg = Debug|Any CPU
		{ED9D11C6-8683-4E98-BE72-0A3563DE77AF}.Debug|iPhoneSimulator.Build.0 = Debug|Any CPU
		{ED9D11C6-8683-4E98-BE72-0A3563DE77AF}.Debug|iPhoneSimulator.Deploy.0 = Debug|Any CPU
		{ED9D11C6-8683-4E98-BE72-0A3563DE77AF}.Release|Any CPU.ActiveCfg = Release|Any CPU
		{ED9D11C6-8683-4E98-BE72-0A3563DE77AF}.Release|Any CPU.Build.0 = Release|Any CPU
		{ED9D11C6-8683-4E98-BE72-0A3563DE77AF}.Release|Any CPU.Deploy.0 = Release|Any CPU
		{ED9D11C6-8683-4E98-BE72-0A3563DE77AF}.Release|iPhone.ActiveCfg = Release|Any CPU
		{ED9D11C6-8683-4E98-BE72-0A3563DE77AF}.Release|iPhone.Build.0 = Release|Any CPU
		{ED9D11C6-8683-4E98-BE72-0A3563DE77AF}.Release|iPhone.Deploy.0 = Release|Any CPU
		{ED9D11C6-8683-4E98-BE72-0A3563DE77AF}.Release|iPhoneSimulator.ActiveCfg = Release|Any CPU
		{ED9D11C6-8683-4E98-BE72-0A3563DE77AF}.Release|iPhoneSimulator.Build.0 = Release|Any CPU
		{ED9D11C6-8683-4E98-BE72-0A3563DE77AF}.Release|iPhoneSimulator.Deploy.0 = Release|Any CPU
	EndGlobalSection
	GlobalSection(SolutionProperties) = preSolution
		HideSolutionNode = FALSE
	EndGlobalSection
	GlobalSection(ExtensibilityGlobals) = postSolution
		SolutionGuid = {62E4B10A-220F-48D7-845D-9045A9C112DA}
	EndGlobalSection
EndGlobal
