
Microsoft Visual Studio Solution File, Format Version 12.00
# Visual Studio Version 16
VisualStudioVersion = 16.0.34729.46
MinimumVisualStudioVersion = 10.0.40219.1
Project("{FAE04EC0-301F-11D3-BF4B-00C04F79EFBC}") = "SQLiteDemo.Android", "SQLiteDemo.Android\SQLiteDemo.Android.csproj", "{DE4AF0AE-077C-49D6-BD36-4C11C561FE73}"
EndProject
Project("{FAE04EC0-301F-11D3-BF4B-00C04F79EFBC}") = "SQLiteDemo.iOS", "SQLiteDemo.iOS\SQLiteDemo.iOS.csproj", "{1B62FA6A-7D64-433C-9478-29F75DF3089B}"
EndProject
Project("{FAE04EC0-301F-11D3-BF4B-00C04F79EFBC}") = "SQLiteDemo", "SQLiteDemo\SQLiteDemo.csproj", "{A9776606-D312-4FE9-93F3-414A4D61AA15}"
EndProject
Global
	GlobalSection(SolutionConfigurationPlatforms) = preSolution
		Debug|Any CPU = Debug|Any CPU
		Debug|iPhone = Debug|iPhone
		Debug|iPhoneSimulator = Debug|iPhoneSimulator
		Release|Any CPU = Release|Any CPU
		Release|iPhone = Release|iPhone
		Release|iPhoneSimulator = Release|iPhoneSimulator
	EndGlobalSection
	GlobalSection(ProjectConfigurationPlatforms) = postSolution
		{DE4AF0AE-077C-49D6-BD36-4C11C561FE73}.Debug|Any CPU.ActiveCfg = Debug|Any CPU
		{DE4AF0AE-077C-49D6-BD36-4C11C561FE73}.Debug|Any CPU.Build.0 = Debug|Any CPU
		{DE4AF0AE-077C-49D6-BD36-4C11C561FE73}.Debug|Any CPU.Deploy.0 = Debug|Any CPU
		{DE4AF0AE-077C-49D6-BD36-4C11C561FE73}.Debug|iPhone.ActiveCfg = Debug|Any CPU
		{DE4AF0AE-077C-49D6-BD36-4C11C561FE73}.Debug|iPhone.Build.0 = Debug|Any CPU
		{DE4AF0AE-077C-49D6-BD36-4C11C561FE73}.Debug|iPhone.Deploy.0 = Debug|Any CPU
		{DE4AF0AE-077C-49D6-BD36-4C11C561FE73}.Debug|iPhoneSimulator.ActiveCfg = Debug|Any CPU
		{DE4AF0AE-077C-49D6-BD36-4C11C561FE73}.Debug|iPhoneSimulator.Build.0 = Debug|Any CPU
		{DE4AF0AE-077C-49D6-BD36-4C11C561FE73}.Debug|iPhoneSimulator.Deploy.0 = Debug|Any CPU
		{DE4AF0AE-077C-49D6-BD36-4C11C561FE73}.Release|Any CPU.ActiveCfg = Release|Any CPU
		{DE4AF0AE-077C-49D6-BD36-4C11C561FE73}.Release|Any CPU.Build.0 = Release|Any CPU
		{DE4AF0AE-077C-49D6-BD36-4C11C561FE73}.Release|Any CPU.Deploy.0 = Release|Any CPU
		{DE4AF0AE-077C-49D6-BD36-4C11C561FE73}.Release|iPhone.ActiveCfg = Release|Any CPU
		{DE4AF0AE-077C-49D6-BD36-4C11C561FE73}.Release|iPhone.Build.0 = Release|Any CPU
		{DE4AF0AE-077C-49D6-BD36-4C11C561FE73}.Release|iPhone.Deploy.0 = Release|Any CPU
		{DE4AF0AE-077C-49D6-BD36-4C11C561FE73}.Release|iPhoneSimulator.ActiveCfg = Release|Any CPU
		{DE4AF0AE-077C-49D6-BD36-4C11C561FE73}.Release|iPhoneSimulator.Build.0 = Release|Any CPU
		{DE4AF0AE-077C-49D6-BD36-4C11C561FE73}.Release|iPhoneSimulator.Deploy.0 = Release|Any CPU
		{1B62FA6A-7D64-433C-9478-29F75DF3089B}.Debug|Any CPU.ActiveCfg = Debug|iPhone
		{1B62FA6A-7D64-433C-9478-29F75DF3089B}.Debug|Any CPU.Build.0 = Debug|iPhone
		{1B62FA6A-7D64-433C-9478-29F75DF3089B}.Debug|Any CPU.Deploy.0 = Debug|iPhone
		{1B62FA6A-7D64-433C-9478-29F75DF3089B}.Debug|iPhone.ActiveCfg = Debug|iPhone
		{1B62FA6A-7D64-433C-9478-29F75DF3089B}.Debug|iPhone.Build.0 = Debug|iPhone
		{1B62FA6A-7D64-433C-9478-29F75DF3089B}.Debug|iPhone.Deploy.0 = Debug|iPhone
		{1B62FA6A-7D64-433C-9478-29F75DF3089B}.Debug|iPhoneSimulator.ActiveCfg = Debug|iPhoneSimulator
		{1B62FA6A-7D64-433C-9478-29F75DF3089B}.Debug|iPhoneSimulator.Build.0 = Debug|iPhoneSimulator
		{1B62FA6A-7D64-433C-9478-29F75DF3089B}.Debug|iPhoneSimulator.Deploy.0 = Debug|iPhoneSimulator
		{1B62FA6A-7D64-433C-9478-29F75DF3089B}.Release|Any CPU.ActiveCfg = Release|iPhoneSimulator
		{1B62FA6A-7D64-433C-9478-29F75DF3089B}.Release|Any CPU.Build.0 = Release|iPhoneSimulator
		{1B62FA6A-7D64-433C-9478-29F75DF3089B}.Release|Any CPU.Deploy.0 = Release|iPhoneSimulator
		{1B62FA6A-7D64-433C-9478-29F75DF3089B}.Release|iPhone.ActiveCfg = Release|iPhone
		{1B62FA6A-7D64-433C-9478-29F75DF3089B}.Release|iPhone.Build.0 = Release|iPhone
		{1B62FA6A-7D64-433C-9478-29F75DF3089B}.Release|iPhone.Deploy.0 = Release|iPhone
		{1B62FA6A-7D64-433C-9478-29F75DF3089B}.Release|iPhoneSimulator.ActiveCfg = Release|iPhoneSimulator
		{1B62FA6A-7D64-433C-9478-29F75DF3089B}.Release|iPhoneSimulator.Build.0 = Release|iPhoneSimulator
		{1B62FA6A-7D64-433C-9478-29F75DF3089B}.Release|iPhoneSimulator.Deploy.0 = Release|iPhoneSimulator
		{A9776606-D312-4FE9-93F3-414A4D61AA15}.Debug|Any CPU.ActiveCfg = Debug|Any CPU
		{A9776606-D312-4FE9-93F3-414A4D61AA15}.Debug|Any CPU.Build.0 = Debug|Any CPU
		{A9776606-D312-4FE9-93F3-414A4D61AA15}.Debug|Any CPU.Deploy.0 = Debug|Any CPU
		{A9776606-D312-4FE9-93F3-414A4D61AA15}.Debug|iPhone.ActiveCfg = Debug|Any CPU
		{A9776606-D312-4FE9-93F3-414A4D61AA15}.Debug|iPhone.Build.0 = Debug|Any CPU
		{A9776606-D312-4FE9-93F3-414A4D61AA15}.Debug|iPhone.Deploy.0 = Debug|Any CPU
		{A9776606-D312-4FE9-93F3-414A4D61AA15}.Debug|iPhoneSimulator.ActiveCfg = Debug|Any CPU
		{A9776606-D312-4FE9-93F3-414A4D61AA15}.Debug|iPhoneSimulator.Build.0 = Debug|Any CPU
		{A9776606-D312-4FE9-93F3-414A4D61AA15}.Debug|iPhoneSimulator.Deploy.0 = Debug|Any CPU
		{A9776606-D312-4FE9-93F3-414A4D61AA15}.Release|Any CPU.ActiveCfg = Release|Any CPU
		{A9776606-D312-4FE9-93F3-414A4D61AA15}.Release|Any CPU.Build.0 = Release|Any CPU
		{A9776606-D312-4FE9-93F3-414A4D61AA15}.Release|Any CPU.Deploy.0 = Release|Any CPU
		{A9776606-D312-4FE9-93F3-414A4D61AA15}.Release|iPhone.ActiveCfg = Release|Any CPU
		{A9776606-D312-4FE9-93F3-414A4D61AA15}.Release|iPhone.Build.0 = Release|Any CPU
		{A9776606-D312-4FE9-93F3-414A4D61AA15}.Release|iPhone.Deploy.0 = Release|Any CPU
		{A9776606-D312-4FE9-93F3-414A4D61AA15}.Release|iPhoneSimulator.ActiveCfg = Release|Any CPU
		{A9776606-D312-4FE9-93F3-414A4D61AA15}.Release|iPhoneSimulator.Build.0 = Release|Any CPU
		{A9776606-D312-4FE9-93F3-414A4D61AA15}.Release|iPhoneSimulator.Deploy.0 = Release|Any CPU
	EndGlobalSection
	GlobalSection(SolutionProperties) = preSolution
		HideSolutionNode = FALSE
	EndGlobalSection
	GlobalSection(ExtensibilityGlobals) = postSolution
		SolutionGuid = {52BE6464-1D24-4A79-8DDF-ED5373E1BD83}
	EndGlobalSection
EndGlobal
