
Microsoft Visual Studio Solution File, Format Version 12.00
# Visual Studio Version 16
VisualStudioVersion = 16.0.34729.46
MinimumVisualStudioVersion = 10.0.40219.1
Project("{FAE04EC0-301F-11D3-BF4B-00C04F79EFBC}") = "FunctionsDemo", "FunctionsDemo.csproj", "{02BCE19F-E228-4BD3-891D-47955B1635F9}"
EndProject
Global
	GlobalSection(SolutionConfigurationPlatforms) = preSolution
		Debug|Any CPU = Debug|Any CPU
		Release|Any CPU = Release|Any CPU
	EndGlobalSection
	GlobalSection(ProjectConfigurationPlatforms) = postSolution
		{02BCE19F-E228-4BD3-891D-47955B1635F9}.Debug|Any CPU.ActiveCfg = Debug|Any CPU
		{02BCE19F-E228-4BD3-891D-47955B1635F9}.Debug|Any CPU.Build.0 = Debug|Any CPU
		{02BCE19F-E228-4BD3-891D-47955B1635F9}.Release|Any CPU.ActiveCfg = Release|Any CPU
		{02BCE19F-E228-4BD3-891D-47955B1635F9}.Release|Any CPU.Build.0 = Release|Any CPU
	EndGlobalSection
	GlobalSection(SolutionProperties) = preSolution
		HideSolutionNode = FALSE
	EndGlobalSection
	GlobalSection(ExtensibilityGlobals) = postSolution
		SolutionGuid = {FE10BF41-FFFF-4E45-9A79-2D11DC2403B5}
	EndGlobalSection
EndGlobal
